
Microsoft Visual Studio Solution File, Format Version 12.00
# Visual Studio 2013
VisualStudioVersion = 12.0.21005.1
MinimumVisualStudioVersion = 10.0.40219.1
Project("{FAE04EC0-301F-11D3-BF4B-00C04F79EFBC}") = "TaskDemo", "TaskDemo.csproj", "{DEBF7476-CCE7-43C9-A282-6BAB463CFDA4}"
EndProject
Project("{FAE04EC0-301F-11D3-BF4B-00C04F79EFBC}") = "CombiningTasksDemo", "CombiningTasksDemo\CombiningTasksDemo.csproj", "{F38B92B6-E43B-4B79-AC8C-DFFBC4D807B7}"
EndProject
Project("{FAE04EC0-301F-11D3-BF4B-00C04F79EFBC}") = "ConvertingAPMAndEAPDemo", "ConvertingAPMAndEAPDemo\ConvertingAPMAndEAPDemo.csproj", "{6C9DB336-BD23-45B1-8157-DA608D9D5D58}"
EndProject
Global
	GlobalSection(SolutionConfigurationPlatforms) = preSolution
		Debug|Any CPU = Debug|Any CPU
		Release|Any CPU = Release|Any CPU
	EndGlobalSection
	GlobalSection(ProjectConfigurationPlatforms) = postSolution
		{DEBF7476-CCE7-43C9-A282-6BAB463CFDA4}.Debug|Any CPU.ActiveCfg = Debug|Any CPU
		{DEBF7476-CCE7-43C9-A282-6BAB463CFDA4}.Debug|Any CPU.Build.0 = Debug|Any CPU
		{DEBF7476-CCE7-43C9-A282-6BAB463CFDA4}.Release|Any CPU.ActiveCfg = Release|Any CPU
		{DEBF7476-CCE7-43C9-A282-6BAB463CFDA4}.Release|Any CPU.Build.0 = Release|Any CPU
		{F38B92B6-E43B-4B79-AC8C-DFFBC4D807B7}.Debug|Any CPU.ActiveCfg = Debug|Any CPU
		{F38B92B6-E43B-4B79-AC8C-DFFBC4D807B7}.Debug|Any CPU.Build.0 = Debug|Any CPU
		{F38B92B6-E43B-4B79-AC8C-DFFBC4D807B7}.Release|Any CPU.ActiveCfg = Release|Any CPU
		{F38B92B6-E43B-4B79-AC8C-DFFBC4D807B7}.Release|Any CPU.Build.0 = Release|Any CPU
		{6C9DB336-BD23-45B1-8157-DA608D9D5D58}.Debug|Any CPU.ActiveCfg = Debug|Any CPU
		{6C9DB336-BD23-45B1-8157-DA608D9D5D58}.Debug|Any CPU.Build.0 = Debug|Any CPU
		{6C9DB336-BD23-45B1-8157-DA608D9D5D58}.Release|Any CPU.ActiveCfg = Release|Any CPU
		{6C9DB336-BD23-45B1-8157-DA608D9D5D58}.Release|Any CPU.Build.0 = Release|Any CPU
	EndGlobalSection
	GlobalSection(SolutionProperties) = preSolution
		HideSolutionNode = FALSE
	EndGlobalSection
EndGlobal
